PODS:
  - Cache (4.0.2):
    - SwiftHash (~> 2.0.0)
  - Hue (3.0.0)
  - ImagePicker (5.0.0)
  - Imaginary (3.0.0):
    - Cache (~> 4.0)
  - Lightbox (2.0.0):
    - Hue (~> 3.0)
    - Imaginary (~> 3.0)
  - SwiftHash (2.0.0)

DEPENDENCIES:
  - Hue
  - ImagePicker (from `../../`)
  - Lightbox

SPEC REPOS:
  https://github.com/cocoapods/specs.git:
    - Cache
    - Hue
    - Imaginary
    - Lightbox
    - SwiftHash

EXTERNAL SOURCES:
  ImagePicker:
    :path: "../../"

SPEC CHECKSUMS:
  Cache: 363b6899cee63c82ccbd291e64a6c202abc17a88
  Hue: b8fe1e43eef13631331eebecb2198b68e2622f95
  ImagePicker: 2903bfb26c5783fb762517d854ded1791a35135b
  Imaginary: 2765d293d425cbed3b07fa11642554cbaebe913d
  Lightbox: 83ec9f4aba4c79fc7bb9bcd263386df9969f09bb
  SwiftHash: d2e09b13495447178cdfb8e46e54a5c46f15f5a9

PODFILE CHECKSUM: 40a8c51b79d72ea6fe5312cdd363bc3025ce5b81

COCOAPODS: 1.7.5
